// !$*UTF8*$!
{
	archiveVersion = 1;
	classes = {
	};
	objectVersion = 51;
	objects = {

/* Begin PBXBuildFile section */
		5331A2314FDA6FC51AB0E801 /* Pods_myAIScribeTests.framework in Frameworks */ = {isa = PBXBuildFile; fileRef = B91E246E23C9C440A89F2F13 /* Pods_myAIScribeTests.framework */; };
		75A5E8CF9E38FEA6B6F52446 /* Pods_myAIScribe.framework in Frameworks */ = {isa = PBXBuildFile; fileRef = 112978AC55B8E02A5567FED2 /* Pods_myAIScribe.framework */; };
		78F465146CE0E0BCFA92A199 /* Pods_myAIScribe_myAIScribeUITests.framework in Frameworks */ = {isa = PBXBuildFile; fileRef = AE681A72466F7070C7075D7A /* Pods_myAIScribe_myAIScribeUITests.framework */; };
		82D211BB269C7DDD007407C2 /* AppDelegate.m in Sources */ = {isa = PBXBuildFile; fileRef = 82D211BA269C7DDD007407C2 /* AppDelegate.m */; };
		82D211BE269C7DDD007407C2 /* SceneDelegate.m in Sources */ = {isa = PBXBuildFile; fileRef = 82D211BD269C7DDD007407C2 /* SceneDelegate.m */; };
		82D211C4269C7DDD007407C2 /* Main.storyboard in Resources */ = {isa = PBXBuildFile; fileRef = 82D211C2269C7DDD007407C2 /* Main.storyboard */; };
		82D211C6269C7DDE007407C2 /* Assets.xcassets in Resources */ = {isa = PBXBuildFile; fileRef = 82D211C5269C7DDE007407C2 /* Assets.xcassets */; };
		82D211C9269C7DDE007407C2 /* LaunchScreen.storyboard in Resources */ = {isa = PBXBuildFile; fileRef = 82D211C7269C7DDE007407C2 /* LaunchScreen.storyboard */; };
		82D211CC269C7DDE007407C2 /* main.m in Sources */ = {isa = PBXBuildFile; fileRef = 82D211CB269C7DDE007407C2 /* main.m */; };
		82D211D6269C7DDE007407C2 /* myAIScribeTests.m in Sources */ = {isa = PBXBuildFile; fileRef = 82D211D5269C7DDE007407C2 /* myAIScribeTests.m */; };
		82D211E1269C7DDE007407C2 /* myAIScribeUITests.m in Sources */ = {isa = PBXBuildFile; fileRef = 82D211E0269C7DDE007407C2 /* myAIScribeUITests.m */; };
		82D211F3269C88C0007407C2 /* LoginViewController.m in Sources */ = {isa = PBXBuildFile; fileRef = 82D211F2269C88C0007407C2 /* LoginViewController.m */; };
		82D211F7269C8EAB007407C2 /* ScanViewController.m in Sources */ = {isa = PBXBuildFile; fileRef = 82D211F6269C8EAB007407C2 /* ScanViewController.m */; };
		82D211FA269C9597007407C2 /* Note.m in Sources */ = {isa = PBXBuildFile; fileRef = 82D211F9269C9597007407C2 /* Note.m */; };
		82D211FD269C9D2C007407C2 /* DisplayViewController.m in Sources */ = {isa = PBXBuildFile; fileRef = 82D211FC269C9D2C007407C2 /* DisplayViewController.m */; };
		82D21200269CA092007407C2 /* NoteTableViewCell.m in Sources */ = {isa = PBXBuildFile; fileRef = 82D211FF269CA092007407C2 /* NoteTableViewCell.m */; };
		82D21203269CD89D007407C2 /* DetailsViewController.m in Sources */ = {isa = PBXBuildFile; fileRef = 82D21202269CD89D007407C2 /* DetailsViewController.m */; };
		82D21206269CDA6E007407C2 /* SettingsViewController.m in Sources */ = {isa = PBXBuildFile; fileRef = 82D21205269CDA6E007407C2 /* SettingsViewController.m */; };
		82D427D8269DF32B0004044B /* CoreML.framework in Frameworks */ = {isa = PBXBuildFile; fileRef = 82D427D7269DF32B0004044B /* CoreML.framework */; };
		82D427DA269DF3310004044B /* Vision.framework in Frameworks */ = {isa = PBXBuildFile; fileRef = 82D427D9269DF3310004044B /* Vision.framework */; };
		82D427DD269F70140004044B /* RegisterViewController.m in Sources */ = {isa = PBXBuildFile; fileRef = 82D427DC269F70140004044B /* RegisterViewController.m */; };
		82D427E026A1DF7E0004044B /* GraphViewController.m in Sources */ = {isa = PBXBuildFile; fileRef = 82D427DF26A1DF7E0004044B /* GraphViewController.m */; };
		82D427EB26A7874A0004044B /* SuggestedNotesCollectionViewCell.m in Sources */ = {isa = PBXBuildFile; fileRef = 82D427EA26A7874A0004044B /* SuggestedNotesCollectionViewCell.m */; };
		82D427EE26A8CAF00004044B /* ProfileViewController.m in Sources */ = {isa = PBXBuildFile; fileRef = 82D427ED26A8CAF00004044B /* ProfileViewController.m */; };
		82D427F126AA1EC50004044B /* FollowerViewController.m in Sources */ = {isa = PBXBuildFile; fileRef = 82D427F026AA1EC50004044B /* FollowerViewController.m */; };
		82D427F426AA2AC30004044B /* FriendTableViewCell.m in Sources */ = {isa = PBXBuildFile; fileRef = 82D427F326AA2AC30004044B /* FriendTableViewCell.m */; };
		82D427F726B060190004044B /* Friends.m in Sources */ = {isa = PBXBuildFile; fileRef = 82D427F626B060190004044B /* Friends.m */; };
		82D427FB26B099A50004044B /* ClassGroupingTableViewCell.m in Sources */ = {isa = PBXBuildFile; fileRef = 82D427FA26B099A50004044B /* ClassGroupingTableViewCell.m */; };
		82D427FE26B099D10004044B /* TableCollectionViewCell.m in Sources */ = {isa = PBXBuildFile; fileRef = 82D427FD26B099D10004044B /* TableCollectionViewCell.m */; };
		82D4280126B09A500004044B /* ClassGroupingViewController.m in Sources */ = {isa = PBXBuildFile; fileRef = 82D4280026B09A500004044B /* ClassGroupingViewController.m */; };
/* End PBXBuildFile section */

/* Begin PBXContainerItemProxy section */
		82D211D2269C7DDE007407C2 /* PBXContainerItemProxy */ = {
			isa = PBXContainerItemProxy;
			containerPortal = 82D211AE269C7DDD007407C2 /* Project object */;
			proxyType = 1;
			remoteGlobalIDString = 82D211B5269C7DDD007407C2;
			remoteInfo = myAIScribe;
		};
		82D211DD269C7DDE007407C2 /* PBXContainerItemProxy */ = {
			isa = PBXContainerItemProxy;
			containerPortal = 82D211AE269C7DDD007407C2 /* Project object */;
			proxyType = 1;
			remoteGlobalIDString = 82D211B5269C7DDD007407C2;
			remoteInfo = myAIScribe;
		};
/* End PBXContainerItemProxy section */

/* Begin PBXFileReference section */
		0FF421D2F57FF04A0F3FD379 /* Pods-myAIScribe-myAIScribeUITests.release.xcconfig */ = {isa = PBXFileReference; includeInIndex = 1; lastKnownFileType = text.xcconfig; name = "Pods-myAIScribe-myAIScribeUITests.release.xcconfig"; path = "Target Support Files/Pods-myAIScribe-myAIScribeUITests/Pods-myAIScribe-myAIScribeUITests.release.xcconfig"; sourceTree = "<group>"; };
		112978AC55B8E02A5567FED2 /* Pods_myAIScribe.framework */ = {isa = PBXFileReference; explicitFileType = wrapper.framework; includeInIndex = 0; path = Pods_myAIScribe.framework; sourceTree = BUILT_PRODUCTS_DIR; };
		51ADCE6965150EF6AB76D9A6 /* Pods-myAIScribeTests.release.xcconfig */ = {isa = PBXFileReference; includeInIndex = 1; lastKnownFileType = text.xcconfig; name = "Pods-myAIScribeTests.release.xcconfig"; path = "Target Support Files/Pods-myAIScribeTests/Pods-myAIScribeTests.release.xcconfig"; sourceTree = "<group>"; };
		82D211B6269C7DDD007407C2 /* myAIScribe.app */ = {isa = PBXFileReference; explicitFileType = wrapper.application; includeInIndex = 0; path = myAIScribe.app; sourceTree = BUILT_PRODUCTS_DIR; };
		82D211B9269C7DDD007407C2 /* AppDelegate.h */ = {isa = PBXFileReference; lastKnownFileType = sourcecode.c.h; path = AppDelegate.h; sourceTree = "<group>"; };
		82D211BA269C7DDD007407C2 /* AppDelegate.m */ = {isa = PBXFileReference; lastKnownFileType = sourcecode.c.objc; path = AppDelegate.m; sourceTree = "<group>"; };
		82D211BC269C7DDD007407C2 /* SceneDelegate.h */ = {isa = PBXFileReference; lastKnownFileType = sourcecode.c.h; path = SceneDelegate.h; sourceTree = "<group>"; };
		82D211BD269C7DDD007407C2 /* SceneDelegate.m */ = {isa = PBXFileReference; lastKnownFileType = sourcecode.c.objc; path = SceneDelegate.m; sourceTree = "<group>"; };
		82D211C3269C7DDD007407C2 /* Base */ = {isa = PBXFileReference; lastKnownFileType = file.storyboard; name = Base; path = Base.lproj/Main.storyboard; sourceTree = "<group>"; };
		82D211C5269C7DDE007407C2 /* Assets.xcassets */ = {isa = PBXFileReference; lastKnownFileType = folder.assetcatalog; path = Assets.xcassets; sourceTree = "<group>"; };
		82D211C8269C7DDE007407C2 /* Base */ = {isa = PBXFileReference; lastKnownFileType = file.storyboard; name = Base; path = Base.lproj/LaunchScreen.storyboard; sourceTree = "<group>"; };
		82D211CA269C7DDE007407C2 /* Info.plist */ = {isa = PBXFileReference; lastKnownFileType = text.plist.xml; path = Info.plist; sourceTree = "<group>"; };
		82D211CB269C7DDE007407C2 /* main.m */ = {isa = PBXFileReference; lastKnownFileType = sourcecode.c.objc; path = main.m; sourceTree = "<group>"; };
		82D211D1269C7DDE007407C2 /* myAIScribeTests.xctest */ = {isa = PBXFileReference; explicitFileType = wrapper.cfbundle; includeInIndex = 0; path = myAIScribeTests.xctest; sourceTree = BUILT_PRODUCTS_DIR; };
		82D211D5269C7DDE007407C2 /* myAIScribeTests.m */ = {isa = PBXFileReference; lastKnownFileType = sourcecode.c.objc; path = myAIScribeTests.m; sourceTree = "<group>"; };
		82D211D7269C7DDE007407C2 /* Info.plist */ = {isa = PBXFileReference; lastKnownFileType = text.plist.xml; path = Info.plist; sourceTree = "<group>"; };
		82D211DC269C7DDE007407C2 /* myAIScribeUITests.xctest */ = {isa = PBXFileReference; explicitFileType = wrapper.cfbundle; includeInIndex = 0; path = myAIScribeUITests.xctest; sourceTree = BUILT_PRODUCTS_DIR; };
		82D211E0269C7DDE007407C2 /* myAIScribeUITests.m */ = {isa = PBXFileReference; lastKnownFileType = sourcecode.c.objc; path = myAIScribeUITests.m; sourceTree = "<group>"; };
		82D211E2269C7DDE007407C2 /* Info.plist */ = {isa = PBXFileReference; lastKnownFileType = text.plist.xml; path = Info.plist; sourceTree = "<group>"; };
		82D211F1269C88C0007407C2 /* LoginViewController.h */ = {isa = PBXFileReference; lastKnownFileType = sourcecode.c.h; path = LoginViewController.h; sourceTree = "<group>"; };
		82D211F2269C88C0007407C2 /* LoginViewController.m */ = {isa = PBXFileReference; lastKnownFileType = sourcecode.c.objc; path = LoginViewController.m; sourceTree = "<group>"; };
		82D211F5269C8EAB007407C2 /* ScanViewController.h */ = {isa = PBXFileReference; lastKnownFileType = sourcecode.c.h; path = ScanViewController.h; sourceTree = "<group>"; };
		82D211F6269C8EAB007407C2 /* ScanViewController.m */ = {isa = PBXFileReference; lastKnownFileType = sourcecode.c.objc; path = ScanViewController.m; sourceTree = "<group>"; };
		82D211F8269C9597007407C2 /* Note.h */ = {isa = PBXFileReference; lastKnownFileType = sourcecode.c.h; path = Note.h; sourceTree = "<group>"; };
		82D211F9269C9597007407C2 /* Note.m */ = {isa = PBXFileReference; lastKnownFileType = sourcecode.c.objc; path = Note.m; sourceTree = "<group>"; };
		82D211FB269C9D2C007407C2 /* DisplayViewController.h */ = {isa = PBXFileReference; lastKnownFileType = sourcecode.c.h; path = DisplayViewController.h; sourceTree = "<group>"; };
		82D211FC269C9D2C007407C2 /* DisplayViewController.m */ = {isa = PBXFileReference; lastKnownFileType = sourcecode.c.objc; path = DisplayViewController.m; sourceTree = "<group>"; };
		82D211FE269CA092007407C2 /* NoteTableViewCell.h */ = {isa = PBXFileReference; lastKnownFileType = sourcecode.c.h; path = NoteTableViewCell.h; sourceTree = "<group>"; };
		82D211FF269CA092007407C2 /* NoteTableViewCell.m */ = {isa = PBXFileReference; lastKnownFileType = sourcecode.c.objc; path = NoteTableViewCell.m; sourceTree = "<group>"; };
		82D21201269CD89D007407C2 /* DetailsViewController.h */ = {isa = PBXFileReference; lastKnownFileType = sourcecode.c.h; path = DetailsViewController.h; sourceTree = "<group>"; };
		82D21202269CD89D007407C2 /* DetailsViewController.m */ = {isa = PBXFileReference; lastKnownFileType = sourcecode.c.objc; path = DetailsViewController.m; sourceTree = "<group>"; };
		82D21204269CDA6E007407C2 /* SettingsViewController.h */ = {isa = PBXFileReference; lastKnownFileType = sourcecode.c.h; path = SettingsViewController.h; sourceTree = "<group>"; };
		82D21205269CDA6E007407C2 /* SettingsViewController.m */ = {isa = PBXFileReference; lastKnownFileType = sourcecode.c.objc; path = SettingsViewController.m; sourceTree = "<group>"; };
		82D427D7269DF32B0004044B /* CoreML.framework */ = {isa = PBXFileReference; lastKnownFileType = wrapper.framework; name = CoreML.framework; path = System/Library/Frameworks/CoreML.framework; sourceTree = SDKROOT; };
		82D427D9269DF3310004044B /* Vision.framework */ = {isa = PBXFileReference; lastKnownFileType = wrapper.framework; name = Vision.framework; path = System/Library/Frameworks/Vision.framework; sourceTree = SDKROOT; };
		82D427DB269F70140004044B /* RegisterViewController.h */ = {isa = PBXFileReference; lastKnownFileType = sourcecode.c.h; path = RegisterViewController.h; sourceTree = "<group>"; };
		82D427DC269F70140004044B /* RegisterViewController.m */ = {isa = PBXFileReference; lastKnownFileType = sourcecode.c.objc; path = RegisterViewController.m; sourceTree = "<group>"; };
		82D427DE26A1DF7E0004044B /* GraphViewController.h */ = {isa = PBXFileReference; lastKnownFileType = sourcecode.c.h; path = GraphViewController.h; sourceTree = "<group>"; };
		82D427DF26A1DF7E0004044B /* GraphViewController.m */ = {isa = PBXFileReference; lastKnownFileType = sourcecode.c.objc; path = GraphViewController.m; sourceTree = "<group>"; };
		82D427E126A1E1210004044B /* Charts.framework */ = {isa = PBXFileReference; explicitFileType = wrapper.framework; path = Charts.framework; sourceTree = BUILT_PRODUCTS_DIR; };
		82D427E926A7874A0004044B /* SuggestedNotesCollectionViewCell.h */ = {isa = PBXFileReference; lastKnownFileType = sourcecode.c.h; path = SuggestedNotesCollectionViewCell.h; sourceTree = "<group>"; };
		82D427EA26A7874A0004044B /* SuggestedNotesCollectionViewCell.m */ = {isa = PBXFileReference; lastKnownFileType = sourcecode.c.objc; path = SuggestedNotesCollectionViewCell.m; sourceTree = "<group>"; };
		82D427EC26A8CAF00004044B /* ProfileViewController.h */ = {isa = PBXFileReference; lastKnownFileType = sourcecode.c.h; path = ProfileViewController.h; sourceTree = "<group>"; };
		82D427ED26A8CAF00004044B /* ProfileViewController.m */ = {isa = PBXFileReference; lastKnownFileType = sourcecode.c.objc; path = ProfileViewController.m; sourceTree = "<group>"; };
		82D427EF26AA1EC50004044B /* FollowerViewController.h */ = {isa = PBXFileReference; lastKnownFileType = sourcecode.c.h; path = FollowerViewController.h; sourceTree = "<group>"; };
		82D427F026AA1EC50004044B /* FollowerViewController.m */ = {isa = PBXFileReference; lastKnownFileType = sourcecode.c.objc; path = FollowerViewController.m; sourceTree = "<group>"; };
		82D427F226AA2AC30004044B /* FriendTableViewCell.h */ = {isa = PBXFileReference; lastKnownFileType = sourcecode.c.h; path = FriendTableViewCell.h; sourceTree = "<group>"; };
		82D427F326AA2AC30004044B /* FriendTableViewCell.m */ = {isa = PBXFileReference; lastKnownFileType = sourcecode.c.objc; path = FriendTableViewCell.m; sourceTree = "<group>"; };
		82D427F526B060190004044B /* Friends.h */ = {isa = PBXFileReference; lastKnownFileType = sourcecode.c.h; path = Friends.h; sourceTree = "<group>"; };
		82D427F626B060190004044B /* Friends.m */ = {isa = PBXFileReference; lastKnownFileType = sourcecode.c.objc; path = Friends.m; sourceTree = "<group>"; };
		82D427F926B099A50004044B /* ClassGroupingTableViewCell.h */ = {isa = PBXFileReference; lastKnownFileType = sourcecode.c.h; path = ClassGroupingTableViewCell.h; sourceTree = "<group>"; };
		82D427FA26B099A50004044B /* ClassGroupingTableViewCell.m */ = {isa = PBXFileReference; lastKnownFileType = sourcecode.c.objc; path = ClassGroupingTableViewCell.m; sourceTree = "<group>"; };
		82D427FC26B099D10004044B /* TableCollectionViewCell.h */ = {isa = PBXFileReference; lastKnownFileType = sourcecode.c.h; path = TableCollectionViewCell.h; sourceTree = "<group>"; };
		82D427FD26B099D10004044B /* TableCollectionViewCell.m */ = {isa = PBXFileReference; lastKnownFileType = sourcecode.c.objc; path = TableCollectionViewCell.m; sourceTree = "<group>"; };
		82D427FF26B09A500004044B /* ClassGroupingViewController.h */ = {isa = PBXFileReference; lastKnownFileType = sourcecode.c.h; path = ClassGroupingViewController.h; sourceTree = "<group>"; };
		82D4280026B09A500004044B /* ClassGroupingViewController.m */ = {isa = PBXFileReference; lastKnownFileType = sourcecode.c.objc; path = ClassGroupingViewController.m; sourceTree = "<group>"; };
		9C0FD192C67265BB48040C3D /* Pods-myAIScribe-myAIScribeUITests.debug.xcconfig */ = {isa = PBXFileReference; includeInIndex = 1; lastKnownFileType = text.xcconfig; name = "Pods-myAIScribe-myAIScribeUITests.debug.xcconfig"; path = "Target Support Files/Pods-myAIScribe-myAIScribeUITests/Pods-myAIScribe-myAIScribeUITests.debug.xcconfig"; sourceTree = "<group>"; };
		A8184CB78A6D93FE7071EEFD /* Pods-myAIScribeTests.debug.xcconfig */ = {isa = PBXFileReference; includeInIndex = 1; lastKnownFileType = text.xcconfig; name = "Pods-myAIScribeTests.debug.xcconfig"; path = "Target Support Files/Pods-myAIScribeTests/Pods-myAIScribeTests.debug.xcconfig"; sourceTree = "<group>"; };
		AE681A72466F7070C7075D7A /* Pods_myAIScribe_myAIScribeUITests.framework */ = {isa = PBXFileReference; explicitFileType = wrapper.framework; includeInIndex = 0; path = Pods_myAIScribe_myAIScribeUITests.framework; sourceTree = BUILT_PRODUCTS_DIR; };
		B49C33C710ECED4727E83D74 /* Pods-myAIScribe.debug.xcconfig */ = {isa = PBXFileReference; includeInIndex = 1; lastKnownFileType = text.xcconfig; name = "Pods-myAIScribe.debug.xcconfig"; path = "Target Support Files/Pods-myAIScribe/Pods-myAIScribe.debug.xcconfig"; sourceTree = "<group>"; };
		B91E246E23C9C440A89F2F13 /* Pods_myAIScribeTests.framework */ = {isa = PBXFileReference; explicitFileType = wrapper.framework; includeInIndex = 0; path = Pods_myAIScribeTests.framework; sourceTree = BUILT_PRODUCTS_DIR; };
		E8FA86B329D122143C5B861E /* Pods-myAIScribe.release.xcconfig */ = {isa = PBXFileReference; includeInIndex = 1; lastKnownFileType = text.xcconfig; name = "Pods-myAIScribe.release.xcconfig"; path = "Target Support Files/Pods-myAIScribe/Pods-myAIScribe.release.xcconfig"; sourceTree = "<group>"; };
/* End PBXFileReference section */

/* Begin PBXFrameworksBuildPhase section */
		82D211B3269C7DDD007407C2 /* Frameworks */ = {
			isa = PBXFrameworksBuildPhase;
			buildActionMask = 2147483647;
			files = (
				82D427D8269DF32B0004044B /* CoreML.framework in Frameworks */,
				82D427DA269DF3310004044B /* Vision.framework in Frameworks */,
				75A5E8CF9E38FEA6B6F52446 /* Pods_myAIScribe.framework in Frameworks */,
			);
			runOnlyForDeploymentPostprocessing = 0;
		};
		82D211CE269C7DDE007407C2 /* Frameworks */ = {
			isa = PBXFrameworksBuildPhase;
			buildActionMask = 2147483647;
			files = (
				5331A2314FDA6FC51AB0E801 /* Pods_myAIScribeTests.framework in Frameworks */,
			);
			runOnlyForDeploymentPostprocessing = 0;
		};
		82D211D9269C7DDE007407C2 /* Frameworks */ = {
			isa = PBXFrameworksBuildPhase;
			buildActionMask = 2147483647;
			files = (
				78F465146CE0E0BCFA92A199 /* Pods_myAIScribe_myAIScribeUITests.framework in Frameworks */,
			);
			runOnlyForDeploymentPostprocessing = 0;
		};
/* End PBXFrameworksBuildPhase section */

/* Begin PBXGroup section */
		5F8B8626EABF54EFFF41D0B1 /* Pods */ = {
			isa = PBXGroup;
			children = (
				B49C33C710ECED4727E83D74 /* Pods-myAIScribe.debug.xcconfig */,
				E8FA86B329D122143C5B861E /* Pods-myAIScribe.release.xcconfig */,
				9C0FD192C67265BB48040C3D /* Pods-myAIScribe-myAIScribeUITests.debug.xcconfig */,
				0FF421D2F57FF04A0F3FD379 /* Pods-myAIScribe-myAIScribeUITests.release.xcconfig */,
				A8184CB78A6D93FE7071EEFD /* Pods-myAIScribeTests.debug.xcconfig */,
				51ADCE6965150EF6AB76D9A6 /* Pods-myAIScribeTests.release.xcconfig */,
			);
			path = Pods;
			sourceTree = "<group>";
		};
		82D211AD269C7DDD007407C2 = {
			isa = PBXGroup;
			children = (
				82D211B8269C7DDD007407C2 /* myAIScribe */,
				82D211D4269C7DDE007407C2 /* myAIScribeTests */,
				82D211DF269C7DDE007407C2 /* myAIScribeUITests */,
				82D211B7269C7DDD007407C2 /* Products */,
				5F8B8626EABF54EFFF41D0B1 /* Pods */,
				B8CE668471F2A2E21BE36196 /* Frameworks */,
			);
			sourceTree = "<group>";
		};
		82D211B7269C7DDD007407C2 /* Products */ = {
			isa = PBXGroup;
			children = (
				82D211B6269C7DDD007407C2 /* myAIScribe.app */,
				82D211D1269C7DDE007407C2 /* myAIScribeTests.xctest */,
				82D211DC269C7DDE007407C2 /* myAIScribeUITests.xctest */,
			);
			name = Products;
			sourceTree = "<group>";
		};
		82D211B8269C7DDD007407C2 /* myAIScribe */ = {
			isa = PBXGroup;
			children = (
				82D211F0269C80A9007407C2 /* Models */,
				82D211EF269C80A3007407C2 /* Views */,
				82D211EE269C809C007407C2 /* ViewControllers */,
				82D211B9269C7DDD007407C2 /* AppDelegate.h */,
				82D211BA269C7DDD007407C2 /* AppDelegate.m */,
				82D211BC269C7DDD007407C2 /* SceneDelegate.h */,
				82D211BD269C7DDD007407C2 /* SceneDelegate.m */,
				82D211C2269C7DDD007407C2 /* Main.storyboard */,
				82D211C5269C7DDE007407C2 /* Assets.xcassets */,
				82D211C7269C7DDE007407C2 /* LaunchScreen.storyboard */,
				82D211CA269C7DDE007407C2 /* Info.plist */,
				82D211CB269C7DDE007407C2 /* main.m */,
			);
			path = myAIScribe;
			sourceTree = "<group>";
		};
		82D211D4269C7DDE007407C2 /* myAIScribeTests */ = {
			isa = PBXGroup;
			children = (
				82D211D5269C7DDE007407C2 /* myAIScribeTests.m */,
				82D211D7269C7DDE007407C2 /* Info.plist */,
			);
			path = myAIScribeTests;
			sourceTree = "<group>";
		};
		82D211DF269C7DDE007407C2 /* myAIScribeUITests */ = {
			isa = PBXGroup;
			children = (
				82D211E0269C7DDE007407C2 /* myAIScribeUITests.m */,
				82D211E2269C7DDE007407C2 /* Info.plist */,
			);
			path = myAIScribeUITests;
			sourceTree = "<group>";
		};
		82D211EE269C809C007407C2 /* ViewControllers */ = {
			isa = PBXGroup;
			children = (
				82D211F1269C88C0007407C2 /* LoginViewController.h */,
				82D211F2269C88C0007407C2 /* LoginViewController.m */,
				82D211F5269C8EAB007407C2 /* ScanViewController.h */,
				82D211F6269C8EAB007407C2 /* ScanViewController.m */,
				82D211FB269C9D2C007407C2 /* DisplayViewController.h */,
				82D211FC269C9D2C007407C2 /* DisplayViewController.m */,
				82D21201269CD89D007407C2 /* DetailsViewController.h */,
				82D21202269CD89D007407C2 /* DetailsViewController.m */,
				82D21204269CDA6E007407C2 /* SettingsViewController.h */,
				82D21205269CDA6E007407C2 /* SettingsViewController.m */,
				82D427DB269F70140004044B /* RegisterViewController.h */,
				82D427DC269F70140004044B /* RegisterViewController.m */,
				82D427DE26A1DF7E0004044B /* GraphViewController.h */,
				82D427DF26A1DF7E0004044B /* GraphViewController.m */,
				82D427EC26A8CAF00004044B /* ProfileViewController.h */,
				82D427ED26A8CAF00004044B /* ProfileViewController.m */,
				82D427EF26AA1EC50004044B /* FollowerViewController.h */,
				82D427F026AA1EC50004044B /* FollowerViewController.m */,
				82D427FF26B09A500004044B /* ClassGroupingViewController.h */,
				82D4280026B09A500004044B /* ClassGroupingViewController.m */,
			);
			path = ViewControllers;
			sourceTree = "<group>";
		};
		82D211EF269C80A3007407C2 /* Views */ = {
			isa = PBXGroup;
			children = (
				82D211FE269CA092007407C2 /* NoteTableViewCell.h */,
				82D211FF269CA092007407C2 /* NoteTableViewCell.m */,
				82D427E926A7874A0004044B /* SuggestedNotesCollectionViewCell.h */,
				82D427EA26A7874A0004044B /* SuggestedNotesCollectionViewCell.m */,
				82D427F226AA2AC30004044B /* FriendTableViewCell.h */,
				82D427F326AA2AC30004044B /* FriendTableViewCell.m */,
				82D427F926B099A50004044B /* ClassGroupingTableViewCell.h */,
				82D427FA26B099A50004044B /* ClassGroupingTableViewCell.m */,
				82D427FC26B099D10004044B /* TableCollectionViewCell.h */,
				82D427FD26B099D10004044B /* TableCollectionViewCell.m */,
			);
			path = Views;
			sourceTree = "<group>";
		};
		82D211F0269C80A9007407C2 /* Models */ = {
			isa = PBXGroup;
			children = (
				82D211F8269C9597007407C2 /* Note.h */,
				82D211F9269C9597007407C2 /* Note.m */,
				82D427F526B060190004044B /* Friends.h */,
				82D427F626B060190004044B /* Friends.m */,
			);
			path = Models;
			sourceTree = "<group>";
		};
		B8CE668471F2A2E21BE36196 /* Frameworks */ = {
			isa = PBXGroup;
			children = (
				82D427E126A1E1210004044B /* Charts.framework */,
				82D427D9269DF3310004044B /* Vision.framework */,
				82D427D7269DF32B0004044B /* CoreML.framework */,
				112978AC55B8E02A5567FED2 /* Pods_myAIScribe.framework */,
				AE681A72466F7070C7075D7A /* Pods_myAIScribe_myAIScribeUITests.framework */,
				B91E246E23C9C440A89F2F13 /* Pods_myAIScribeTests.framework */,
			);
			name = Frameworks;
			sourceTree = "<group>";
		};
/* End PBXGroup section */

/* Begin PBXNativeTarget section */
		82D211B5269C7DDD007407C2 /* myAIScribe */ = {
			isa = PBXNativeTarget;
			buildConfigurationList = 82D211E5269C7DDE007407C2 /* Build configuration list for PBXNativeTarget "myAIScribe" */;
			buildPhases = (
				3A9BF6A4B1CC3E679507840B /* [CP] Check Pods Manifest.lock */,
				82D211B2269C7DDD007407C2 /* Sources */,
				82D211B3269C7DDD007407C2 /* Frameworks */,
				82D211B4269C7DDD007407C2 /* Resources */,
				564DC5877A348ACBCA8D11C4 /* [CP] Embed Pods Frameworks */,
			);
			buildRules = (
			);
			dependencies = (
			);
			name = myAIScribe;
			productName = myAIScribe;
			productReference = 82D211B6269C7DDD007407C2 /* myAIScribe.app */;
			productType = "com.apple.product-type.application";
		};
		82D211D0269C7DDE007407C2 /* myAIScribeTests */ = {
			isa = PBXNativeTarget;
			buildConfigurationList = 82D211E8269C7DDE007407C2 /* Build configuration list for PBXNativeTarget "myAIScribeTests" */;
			buildPhases = (
				61936DB98EA4613AE1A5BDD2 /* [CP] Check Pods Manifest.lock */,
				82D211CD269C7DDE007407C2 /* Sources */,
				82D211CE269C7DDE007407C2 /* Frameworks */,
				82D211CF269C7DDE007407C2 /* Resources */,
			);
			buildRules = (
			);
			dependencies = (
				82D211D3269C7DDE007407C2 /* PBXTargetDependency */,
			);
			name = myAIScribeTests;
			productName = myAIScribeTests;
			productReference = 82D211D1269C7DDE007407C2 /* myAIScribeTests.xctest */;
			productType = "com.apple.product-type.bundle.unit-test";
		};
		82D211DB269C7DDE007407C2 /* myAIScribeUITests */ = {
			isa = PBXNativeTarget;
			buildConfigurationList = 82D211EB269C7DDE007407C2 /* Build configuration list for PBXNativeTarget "myAIScribeUITests" */;
			buildPhases = (
				577B07814C868FF09C19D96A /* [CP] Check Pods Manifest.lock */,
				82D211D8269C7DDE007407C2 /* Sources */,
				82D211D9269C7DDE007407C2 /* Frameworks */,
				82D211DA269C7DDE007407C2 /* Resources */,
				665C92884A33B3E29AD6DAC4 /* [CP] Embed Pods Frameworks */,
			);
			buildRules = (
			);
			dependencies = (
				82D211DE269C7DDE007407C2 /* PBXTargetDependency */,
			);
			name = myAIScribeUITests;
			productName = myAIScribeUITests;
			productReference = 82D211DC269C7DDE007407C2 /* myAIScribeUITests.xctest */;
			productType = "com.apple.product-type.bundle.ui-testing";
		};
/* End PBXNativeTarget section */

/* Begin PBXProject section */
		82D211AE269C7DDD007407C2 /* Project object */ = {
			isa = PBXProject;
			attributes = {
				LastUpgradeCheck = 1250;
				TargetAttributes = {
					82D211B5269C7DDD007407C2 = {
						CreatedOnToolsVersion = 12.5.1;
					};
					82D211D0269C7DDE007407C2 = {
						CreatedOnToolsVersion = 12.5.1;
						TestTargetID = 82D211B5269C7DDD007407C2;
					};
					82D211DB269C7DDE007407C2 = {
						CreatedOnToolsVersion = 12.5.1;
						TestTargetID = 82D211B5269C7DDD007407C2;
					};
				};
			};
			buildConfigurationList = 82D211B1269C7DDD007407C2 /* Build configuration list for PBXProject "myAIScribe" */;
			compatibilityVersion = "Xcode 9.3";
			developmentRegion = en;
			hasScannedForEncodings = 0;
			knownRegions = (
				en,
				Base,
			);
			mainGroup = 82D211AD269C7DDD007407C2;
			productRefGroup = 82D211B7269C7DDD007407C2 /* Products */;
			projectDirPath = "";
			projectRoot = "";
			targets = (
				82D211B5269C7DDD007407C2 /* myAIScribe */,
				82D211D0269C7DDE007407C2 /* myAIScribeTests */,
				82D211DB269C7DDE007407C2 /* myAIScribeUITests */,
			);
		};
/* End PBXProject section */

/* Begin PBXResourcesBuildPhase section */
		82D211B4269C7DDD007407C2 /* Resources */ = {
			isa = PBXResourcesBuildPhase;
			buildActionMask = 2147483647;
			files = (
				82D211C9269C7DDE007407C2 /* LaunchScreen.storyboard in Resources */,
				82D211C6269C7DDE007407C2 /* Assets.xcassets in Resources */,
				82D211C4269C7DDD007407C2 /* Main.storyboard in Resources */,
			);
			runOnlyForDeploymentPostprocessing = 0;
		};
		82D211CF269C7DDE007407C2 /* Resources */ = {
			isa = PBXResourcesBuildPhase;
			buildActionMask = 2147483647;
			files = (
			);
			runOnlyForDeploymentPostprocessing = 0;
		};
		82D211DA269C7DDE007407C2 /* Resources */ = {
			isa = PBXResourcesBuildPhase;
			buildActionMask = 2147483647;
			files = (
			);
			runOnlyForDeploymentPostprocessing = 0;
		};
/* End PBXResourcesBuildPhase section */

/* Begin PBXShellScriptBuildPhase section */
		3A9BF6A4B1CC3E679507840B /* [CP] Check Pods Manifest.lock */ = {
			isa = PBXShellScriptBuildPhase;
			buildActionMask = 2147483647;
			files = (
			);
			inputFileListPaths = (
			);
			inputPaths = (
				"${PODS_PODFILE_DIR_PATH}/Podfile.lock",
				"${PODS_ROOT}/Manifest.lock",
			);
			name = "[CP] Check Pods Manifest.lock";
			outputFileListPaths = (
			);
			outputPaths = (
				"$(DERIVED_FILE_DIR)/Pods-myAIScribe-checkManifestLockResult.txt",
			);
			runOnlyForDeploymentPostprocessing = 0;
			shellPath = /bin/sh;
			shellScript = "diff \"${PODS_PODFILE_DIR_PATH}/Podfile.lock\" \"${PODS_ROOT}/Manifest.lock\" > /dev/null\nif [ $? != 0 ] ; then\n    # print error to STDERR\n    echo \"error: The sandbox is not in sync with the Podfile.lock. Run 'pod install' or update your CocoaPods installation.\" >&2\n    exit 1\nfi\n# This output is used by Xcode 'outputs' to avoid re-running this script phase.\necho \"SUCCESS\" > \"${SCRIPT_OUTPUT_FILE_0}\"\n";
			showEnvVarsInLog = 0;
		};
		564DC5877A348ACBCA8D11C4 /* [CP] Embed Pods Frameworks */ = {
			isa = PBXShellScriptBuildPhase;
			buildActionMask = 2147483647;
			files = (
			);
			inputFileListPaths = (
				"${PODS_ROOT}/Target Support Files/Pods-myAIScribe/Pods-myAIScribe-frameworks-${CONFIGURATION}-input-files.xcfilelist",
			);
			name = "[CP] Embed Pods Frameworks";
			outputFileListPaths = (
				"${PODS_ROOT}/Target Support Files/Pods-myAIScribe/Pods-myAIScribe-frameworks-${CONFIGURATION}-output-files.xcfilelist",
			);
			runOnlyForDeploymentPostprocessing = 0;
			shellPath = /bin/sh;
			shellScript = "\"${PODS_ROOT}/Target Support Files/Pods-myAIScribe/Pods-myAIScribe-frameworks.sh\"\n";
			showEnvVarsInLog = 0;
		};
		577B07814C868FF09C19D96A /* [CP] Check Pods Manifest.lock */ = {
			isa = PBXShellScriptBuildPhase;
			buildActionMask = 2147483647;
			files = (
			);
			inputFileListPaths = (
			);
			inputPaths = (
				"${PODS_PODFILE_DIR_PATH}/Podfile.lock",
				"${PODS_ROOT}/Manifest.lock",
			);
			name = "[CP] Check Pods Manifest.lock";
			outputFileListPaths = (
			);
			outputPaths = (
				"$(DERIVED_FILE_DIR)/Pods-myAIScribe-myAIScribeUITests-checkManifestLockResult.txt",
			);
			runOnlyForDeploymentPostprocessing = 0;
			shellPath = /bin/sh;
			shellScript = "diff \"${PODS_PODFILE_DIR_PATH}/Podfile.lock\" \"${PODS_ROOT}/Manifest.lock\" > /dev/null\nif [ $? != 0 ] ; then\n    # print error to STDERR\n    echo \"error: The sandbox is not in sync with the Podfile.lock. Run 'pod install' or update your CocoaPods installation.\" >&2\n    exit 1\nfi\n# This output is used by Xcode 'outputs' to avoid re-running this script phase.\necho \"SUCCESS\" > \"${SCRIPT_OUTPUT_FILE_0}\"\n";
			showEnvVarsInLog = 0;
		};
		61936DB98EA4613AE1A5BDD2 /* [CP] Check Pods Manifest.lock */ = {
			isa = PBXShellScriptBuildPhase;
			buildActionMask = 2147483647;
			files = (
			);
			inputFileListPaths = (
			);
			inputPaths = (
				"${PODS_PODFILE_DIR_PATH}/Podfile.lock",
				"${PODS_ROOT}/Manifest.lock",
			);
			name = "[CP] Check Pods Manifest.lock";
			outputFileListPaths = (
			);
			outputPaths = (
				"$(DERIVED_FILE_DIR)/Pods-myAIScribeTests-checkManifestLockResult.txt",
			);
			runOnlyForDeploymentPostprocessing = 0;
			shellPath = /bin/sh;
			shellScript = "diff \"${PODS_PODFILE_DIR_PATH}/Podfile.lock\" \"${PODS_ROOT}/Manifest.lock\" > /dev/null\nif [ $? != 0 ] ; then\n    # print error to STDERR\n    echo \"error: The sandbox is not in sync with the Podfile.lock. Run 'pod install' or update your CocoaPods installation.\" >&2\n    exit 1\nfi\n# This output is used by Xcode 'outputs' to avoid re-running this script phase.\necho \"SUCCESS\" > \"${SCRIPT_OUTPUT_FILE_0}\"\n";
			showEnvVarsInLog = 0;
		};
		665C92884A33B3E29AD6DAC4 /* [CP] Embed Pods Frameworks */ = {
			isa = PBXShellScriptBuildPhase;
			buildActionMask = 2147483647;
			files = (
			);
			inputFileListPaths = (
				"${PODS_ROOT}/Target Support Files/Pods-myAIScribe-myAIScribeUITests/Pods-myAIScribe-myAIScribeUITests-frameworks-${CONFIGURATION}-input-files.xcfilelist",
			);
			name = "[CP] Embed Pods Frameworks";
			outputFileListPaths = (
				"${PODS_ROOT}/Target Support Files/Pods-myAIScribe-myAIScribeUITests/Pods-myAIScribe-myAIScribeUITests-frameworks-${CONFIGURATION}-output-files.xcfilelist",
			);
			runOnlyForDeploymentPostprocessing = 0;
			shellPath = /bin/sh;
			shellScript = "\"${PODS_ROOT}/Target Support Files/Pods-myAIScribe-myAIScribeUITests/Pods-myAIScribe-myAIScribeUITests-frameworks.sh\"\n";
			showEnvVarsInLog = 0;
		};
/* End PBXShellScriptBuildPhase section */

/* Begin PBXSourcesBuildPhase section */
		82D211B2269C7DDD007407C2 /* Sources */ = {
			isa = PBXSourcesBuildPhase;
			buildActionMask = 2147483647;
			files = (
				82D427FE26B099D10004044B /* TableCollectionViewCell.m in Sources */,
				82D427DD269F70140004044B /* RegisterViewController.m in Sources */,
				82D211BB269C7DDD007407C2 /* AppDelegate.m in Sources */,
				82D211F7269C8EAB007407C2 /* ScanViewController.m in Sources */,
				82D211CC269C7DDE007407C2 /* main.m in Sources */,
				82D427F726B060190004044B /* Friends.m in Sources */,
				82D427F126AA1EC50004044B /* FollowerViewController.m in Sources */,
				82D427EE26A8CAF00004044B /* ProfileViewController.m in Sources */,
				82D4280126B09A500004044B /* ClassGroupingViewController.m in Sources */,
				82D211FA269C9597007407C2 /* Note.m in Sources */,
				82D427E026A1DF7E0004044B /* GraphViewController.m in Sources */,
				82D211FD269C9D2C007407C2 /* DisplayViewController.m in Sources */,
				82D211BE269C7DDD007407C2 /* SceneDelegate.m in Sources */,
				82D21203269CD89D007407C2 /* DetailsViewController.m in Sources */,
				82D427F426AA2AC30004044B /* FriendTableViewCell.m in Sources */,
				82D427FB26B099A50004044B /* ClassGroupingTableViewCell.m in Sources */,
				82D21206269CDA6E007407C2 /* SettingsViewController.m in Sources */,
				82D211F3269C88C0007407C2 /* LoginViewController.m in Sources */,
				82D427EB26A7874A0004044B /* SuggestedNotesCollectionViewCell.m in Sources */,
				82D21200269CA092007407C2 /* NoteTableViewCell.m in Sources */,
			);
			runOnlyForDeploymentPostprocessing = 0;
		};
		82D211CD269C7DDE007407C2 /* Sources */ = {
			isa = PBXSourcesBuildPhase;
			buildActionMask = 2147483647;
			files = (
				82D211D6269C7DDE007407C2 /* myAIScribeTests.m in Sources */,
			);
			runOnlyForDeploymentPostprocessing = 0;
		};
		82D211D8269C7DDE007407C2 /* Sources */ = {
			isa = PBXSourcesBuildPhase;
			buildActionMask = 2147483647;
			files = (
				82D211E1269C7DDE007407C2 /* myAIScribeUITests.m in Sources */,
			);
			runOnlyForDeploymentPostprocessing = 0;
		};
/* End PBXSourcesBuildPhase section */

/* Begin PBXTargetDependency section */
		82D211D3269C7DDE007407C2 /* PBXTargetDependency */ = {
			isa = PBXTargetDependency;
			target = 82D211B5269C7DDD007407C2 /* myAIScribe */;
			targetProxy = 82D211D2269C7DDE007407C2 /* PBXContainerItemProxy */;
		};
		82D211DE269C7DDE007407C2 /* PBXTargetDependency */ = {
			isa = PBXTargetDependency;
			target = 82D211B5269C7DDD007407C2 /* myAIScribe */;
			targetProxy = 82D211DD269C7DDE007407C2 /* PBXContainerItemProxy */;
		};
/* End PBXTargetDependency section */

/* Begin PBXVariantGroup section */
		82D211C2269C7DDD007407C2 /* Main.storyboard */ = {
			isa = PBXVariantGroup;
			children = (
				82D211C3269C7DDD007407C2 /* Base */,
			);
			name = Main.storyboard;
			sourceTree = "<group>";
		};
		82D211C7269C7DDE007407C2 /* LaunchScreen.storyboard */ = {
			isa = PBXVariantGroup;
			children = (
				82D211C8269C7DDE007407C2 /* Base */,
			);
			name = LaunchScreen.storyboard;
			sourceTree = "<group>";
		};
/* End PBXVariantGroup section */

/* Begin XCBuildConfiguration section */
		82D211E3269C7DDE007407C2 /* Debug */ = {
			isa = XCBuildConfiguration;
			buildSettings = {
				ALWAYS_SEARCH_USER_PATHS = NO;
				CLANG_ANALYZER_NONNULL = YES;
				CLANG_ANALYZER_NUMBER_OBJECT_CONVERSION = YES_AGGRESSIVE;
				CLANG_CXX_LANGUAGE_STANDARD = "gnu++14";
				CLANG_CXX_LIBRARY = "libc++";
				CLANG_ENABLE_MODULES = YES;
				CLANG_ENABLE_OBJC_ARC = YES;
				CLANG_ENABLE_OBJC_WEAK = YES;
				CLANG_WARN_BLOCK_CAPTURE_AUTORELEASING = YES;
				CLANG_WARN_BOOL_CONVERSION = YES;
				CLANG_WARN_COMMA = YES;
				CLANG_WARN_CONSTANT_CONVERSION = YES;
				CLANG_WARN_DEPRECATED_OBJC_IMPLEMENTATIONS = YES;
				CLANG_WARN_DIRECT_OBJC_ISA_USAGE = YES_ERROR;
				CLANG_WARN_DOCUMENTATION_COMMENTS = YES;
				CLANG_WARN_EMPTY_BODY = YES;
				CLANG_WARN_ENUM_CONVERSION = YES;
				CLANG_WARN_INFINITE_RECURSION = YES;
				CLANG_WARN_INT_CONVERSION = YES;
				CLANG_WARN_NON_LITERAL_NULL_CONVERSION = YES;
				CLANG_WARN_OBJC_IMPLICIT_RETAIN_SELF = YES;
				CLANG_WARN_OBJC_LITERAL_CONVERSION = YES;
				CLANG_WARN_OBJC_ROOT_CLASS = YES_ERROR;
				CLANG_WARN_QUOTED_INCLUDE_IN_FRAMEWORK_HEADER = YES;
				CLANG_WARN_RANGE_LOOP_ANALYSIS = YES;
				CLANG_WARN_STRICT_PROTOTYPES = YES;
				CLANG_WARN_SUSPICIOUS_MOVE = YES;
				CLANG_WARN_UNGUARDED_AVAILABILITY = YES_AGGRESSIVE;
				CLANG_WARN_UNREACHABLE_CODE = YES;
				CLANG_WARN__DUPLICATE_METHOD_MATCH = YES;
				COPY_PHASE_STRIP = NO;
				DEBUG_INFORMATION_FORMAT = dwarf;
				ENABLE_STRICT_OBJC_MSGSEND = YES;
				ENABLE_TESTABILITY = YES;
				GCC_C_LANGUAGE_STANDARD = gnu11;
				GCC_DYNAMIC_NO_PIC = NO;
				GCC_NO_COMMON_BLOCKS = YES;
				GCC_OPTIMIZATION_LEVEL = 0;
				GCC_PREPROCESSOR_DEFINITIONS = (
					"DEBUG=1",
					"$(inherited)",
				);
				GCC_WARN_64_TO_32_BIT_CONVERSION = YES;
				GCC_WARN_ABOUT_RETURN_TYPE = YES_ERROR;
				GCC_WARN_UNDECLARED_SELECTOR = YES;
				GCC_WARN_UNINITIALIZED_AUTOS = YES_AGGRESSIVE;
				GCC_WARN_UNUSED_FUNCTION = YES;
				GCC_WARN_UNUSED_VARIABLE = YES;
				IPHONEOS_DEPLOYMENT_TARGET = 14.5;
				MTL_ENABLE_DEBUG_INFO = INCLUDE_SOURCE;
				MTL_FAST_MATH = YES;
				ONLY_ACTIVE_ARCH = YES;
				SDKROOT = iphoneos;
			};
			name = Debug;
		};
		82D211E4269C7DDE007407C2 /* Release */ = {
			isa = XCBuildConfiguration;
			buildSettings = {
				ALWAYS_SEARCH_USER_PATHS = NO;
				CLANG_ANALYZER_NONNULL = YES;
				CLANG_ANALYZER_NUMBER_OBJECT_CONVERSION = YES_AGGRESSIVE;
				CLANG_CXX_LANGUAGE_STANDARD = "gnu++14";
				CLANG_CXX_LIBRARY = "libc++";
				CLANG_ENABLE_MODULES = YES;
				CLANG_ENABLE_OBJC_ARC = YES;
				CLANG_ENABLE_OBJC_WEAK = YES;
				CLANG_WARN_BLOCK_CAPTURE_AUTORELEASING = YES;
				CLANG_WARN_BOOL_CONVERSION = YES;
				CLANG_WARN_COMMA = YES;
				CLANG_WARN_CONSTANT_CONVERSION = YES;
				CLANG_WARN_DEPRECATED_OBJC_IMPLEMENTATIONS = YES;
				CLANG_WARN_DIRECT_OBJC_ISA_USAGE = YES_ERROR;
				CLANG_WARN_DOCUMENTATION_COMMENTS = YES;
				CLANG_WARN_EMPTY_BODY = YES;
				CLANG_WARN_ENUM_CONVERSION = YES;
				CLANG_WARN_INFINITE_RECURSION = YES;
				CLANG_WARN_INT_CONVERSION = YES;
				CLANG_WARN_NON_LITERAL_NULL_CONVERSION = YES;
				CLANG_WARN_OBJC_IMPLICIT_RETAIN_SELF = YES;
				CLANG_WARN_OBJC_LITERAL_CONVERSION = YES;
				CLANG_WARN_OBJC_ROOT_CLASS = YES_ERROR;
				CLANG_WARN_QUOTED_INCLUDE_IN_FRAMEWORK_HEADER = YES;
				CLANG_WARN_RANGE_LOOP_ANALYSIS = YES;
				CLANG_WARN_STRICT_PROTOTYPES = YES;
				CLANG_WARN_SUSPICIOUS_MOVE = YES;
				CLANG_WARN_UNGUARDED_AVAILABILITY = YES_AGGRESSIVE;
				CLANG_WARN_UNREACHABLE_CODE = YES;
				CLANG_WARN__DUPLICATE_METHOD_MATCH = YES;
				COPY_PHASE_STRIP = NO;
				DEBUG_INFORMATION_FORMAT = "dwarf-with-dsym";
				ENABLE_NS_ASSERTIONS = NO;
				ENABLE_STRICT_OBJC_MSGSEND = YES;
				GCC_C_LANGUAGE_STANDARD = gnu11;
				GCC_NO_COMMON_BLOCKS = YES;
				GCC_WARN_64_TO_32_BIT_CONVERSION = YES;
				GCC_WARN_ABOUT_RETURN_TYPE = YES_ERROR;
				GCC_WARN_UNDECLARED_SELECTOR = YES;
				GCC_WARN_UNINITIALIZED_AUTOS = YES_AGGRESSIVE;
				GCC_WARN_UNUSED_FUNCTION = YES;
				GCC_WARN_UNUSED_VARIABLE = YES;
				IPHONEOS_DEPLOYMENT_TARGET = 14.5;
				MTL_ENABLE_DEBUG_INFO = NO;
				MTL_FAST_MATH = YES;
				SDKROOT = iphoneos;
				VALIDATE_PRODUCT = YES;
			};
			name = Release;
		};
		82D211E6269C7DDE007407C2 /* Debug */ = {
			isa = XCBuildConfiguration;
			baseConfigurationReference = B49C33C710ECED4727E83D74 /* Pods-myAIScribe.debug.xcconfig */;
			buildSettings = {
				ASSETCATALOG_COMPILER_APPICON_NAME = AppIcon;
				ASSETCATALOG_COMPILER_GLOBAL_ACCENT_COLOR_NAME = AccentColor;
				CODE_SIGN_STYLE = Automatic;
				DEVELOPMENT_TEAM = ZMWDYZ6ZWJ;
				INFOPLIST_FILE = myAIScribe/Info.plist;
				LD_RUNPATH_SEARCH_PATHS = (
					"$(inherited)",
					"@executable_path/Frameworks",
				);
				PRODUCT_BUNDLE_IDENTIFIER = com.sgu.myAIScribe;
				PRODUCT_NAME = "$(TARGET_NAME)";
				TARGETED_DEVICE_FAMILY = "1,2";
			};
			name = Debug;
		};
		82D211E7269C7DDE007407C2 /* Release */ = {
			isa = XCBuildConfiguration;
			baseConfigurationReference = E8FA86B329D122143C5B861E /* Pods-myAIScribe.release.xcconfig */;
			buildSettings = {
				ASSETCATALOG_COMPILER_APPICON_NAME = AppIcon;
				ASSETCATALOG_COMPILER_GLOBAL_ACCENT_COLOR_NAME = AccentColor;
				CODE_SIGN_STYLE = Automatic;
				DEVELOPMENT_TEAM = ZMWDYZ6ZWJ;
				INFOPLIST_FILE = myAIScribe/Info.plist;
				LD_RUNPATH_SEARCH_PATHS = (
					"$(inherited)",
					"@executable_path/Frameworks",
				);
				PRODUCT_BUNDLE_IDENTIFIER = com.sgu.myAIScribe;
				PRODUCT_NAME = "$(TARGET_NAME)";
				TARGETED_DEVICE_FAMILY = "1,2";
			};
			name = Release;
		};
		82D211E9269C7DDE007407C2 /* Debug */ = {
			isa = XCBuildConfiguration;
			baseConfigurationReference = A8184CB78A6D93FE7071EEFD /* Pods-myAIScribeTests.debug.xcconfig */;
			buildSettings = {
				BUNDLE_LOADER = "$(TEST_HOST)";
				CODE_SIGN_STYLE = Automatic;
				DEVELOPMENT_TEAM = ZMWDYZ6ZWJ;
				INFOPLIST_FILE = myAIScribeTests/Info.plist;
				IPHONEOS_DEPLOYMENT_TARGET = 14.5;
				LD_RUNPATH_SEARCH_PATHS = (
					"$(inherited)",
					"@executable_path/Frameworks",
					"@loader_path/Frameworks",
				);
				PRODUCT_BUNDLE_IDENTIFIER = com.sgu.myAIScribeTests;
				PRODUCT_NAME = "$(TARGET_NAME)";
				TARGETED_DEVICE_FAMILY = "1,2";
				TEST_HOST = "$(BUILT_PRODUCTS_DIR)/myAIScribe.app/myAIScribe";
			};
			name = Debug;
		};
		82D211EA269C7DDE007407C2 /* Release */ = {
			isa = XCBuildConfiguration;
			baseConfigurationReference = 51ADCE6965150EF6AB76D9A6 /* Pods-myAIScribeTests.release.xcconfig */;
			buildSettings = {
				BUNDLE_LOADER = "$(TEST_HOST)";
				CODE_SIGN_STYLE = Automatic;
				DEVELOPMENT_TEAM = ZMWDYZ6ZWJ;
				INFOPLIST_FILE = myAIScribeTests/Info.plist;
				IPHONEOS_DEPLOYMENT_TARGET = 14.5;
				LD_RUNPATH_SEARCH_PATHS = (
					"$(inherited)",
					"@executable_path/Frameworks",
					"@loader_path/Frameworks",
				);
				PRODUCT_BUNDLE_IDENTIFIER = com.sgu.myAIScribeTests;
				PRODUCT_NAME = "$(TARGET_NAME)";
				TARGETED_DEVICE_FAMILY = "1,2";
				TEST_HOST = "$(BUILT_PRODUCTS_DIR)/myAIScribe.app/myAIScribe";
			};
			name = Release;
		};
		82D211EC269C7DDE007407C2 /* Debug */ = {
			isa = XCBuildConfiguration;
			baseConfigurationReference = 9C0FD192C67265BB48040C3D /* Pods-myAIScribe-myAIScribeUITests.debug.xcconfig */;
			buildSettings = {
				CODE_SIGN_STYLE = Automatic;
				DEVELOPMENT_TEAM = ZMWDYZ6ZWJ;
				INFOPLIST_FILE = myAIScribeUITests/Info.plist;
				LD_RUNPATH_SEARCH_PATHS = (
					"$(inherited)",
					"@executable_path/Frameworks",
					"@loader_path/Frameworks",
				);
				PRODUCT_BUNDLE_IDENTIFIER = com.sgu.myAIScribeUITests;
				PRODUCT_NAME = "$(TARGET_NAME)";
				TARGETED_DEVICE_FAMILY = "1,2";
				TEST_TARGET_NAME = myAIScribe;
			};
			name = Debug;
		};
		82D211ED269C7DDE007407C2 /* Release */ = {
			isa = XCBuildConfiguration;
			baseConfigurationReference = 0FF421D2F57FF04A0F3FD379 /* Pods-myAIScribe-myAIScribeUITests.release.xcconfig */;
			buildSettings = {
				CODE_SIGN_STYLE = Automatic;
				DEVELOPMENT_TEAM = ZMWDYZ6ZWJ;
				INFOPLIST_FILE = myAIScribeUITests/Info.plist;
				LD_RUNPATH_SEARCH_PATHS = (
					"$(inherited)",
					"@executable_path/Frameworks",
					"@loader_path/Frameworks",
				);
				PRODUCT_BUNDLE_IDENTIFIER = com.sgu.myAIScribeUITests;
				PRODUCT_NAME = "$(TARGET_NAME)";
				TARGETED_DEVICE_FAMILY = "1,2";
				TEST_TARGET_NAME = myAIScribe;
			};
			name = Release;
		};
/* End XCBuildConfiguration section */

/* Begin XCConfigurationList section */
		82D211B1269C7DDD007407C2 /* Build configuration list for PBXProject "myAIScribe" */ = {
			isa = XCConfigurationList;
			buildConfigurations = (
				82D211E3269C7DDE007407C2 /* Debug */,
				82D211E4269C7DDE007407C2 /* Release */,
			);
			defaultConfigurationIsVisible = 0;
			defaultConfigurationName = Release;
		};
		82D211E5269C7DDE007407C2 /* Build configuration list for PBXNativeTarget "myAIScribe" */ = {
			isa = XCConfigurationList;
			buildConfigurations = (
				82D211E6269C7DDE007407C2 /* Debug */,
				82D211E7269C7DDE007407C2 /* Release */,
			);
			defaultConfigurationIsVisible = 0;
			defaultConfigurationName = Release;
		};
		82D211E8269C7DDE007407C2 /* Build configuration list for PBXNativeTarget "myAIScribeTests" */ = {
			isa = XCConfigurationList;
			buildConfigurations = (
				82D211E9269C7DDE007407C2 /* Debug */,
				82D211EA269C7DDE007407C2 /* Release */,
			);
			defaultConfigurationIsVisible = 0;
			defaultConfigurationName = Release;
		};
		82D211EB269C7DDE007407C2 /* Build configuration list for PBXNativeTarget "myAIScribeUITests" */ = {
			isa = XCConfigurationList;
			buildConfigurations = (
				82D211EC269C7DDE007407C2 /* Debug */,
				82D211ED269C7DDE007407C2 /* Release */,
			);
			defaultConfigurationIsVisible = 0;
			defaultConfigurationName = Release;
		};
/* End XCConfigurationList section */
	};
	rootObject = 82D211AE269C7DDD007407C2 /* Project object */;
}
